
Microsoft Visual Studio Solution File, Format Version 12.00
# Visual Studio Version 17
VisualStudioVersion = 17.8.34330.188
MinimumVisualStudioVersion = 10.0.40219.1
Project("{9A19103F-16F7-4668-BE54-9A1E7A4F7556}") = "Gna.Example", "Gna.Example.csproj", "{56412CDD-B130-4BAF-834F-A8B197B23983}"
EndProject
Global
	GlobalSection(SolutionConfigurationPlatforms) = preSolution
		Debug|Any CPU = Debug|Any CPU
		Release|Any CPU = Release|Any CPU
	EndGlobalSection
	GlobalSection(ProjectConfigurationPlatforms) = postSolution
		{56412CDD-B130-4BAF-834F-A8B197B23983}.Debug|Any CPU.ActiveCfg = Debug|Any CPU
		{56412CDD-B130-4BAF-834F-A8B197B23983}.Debug|Any CPU.Build.0 = Debug|Any CPU
		{56412CDD-B130-4BAF-834F-A8B197B23983}.Release|Any CPU.ActiveCfg = Release|Any CPU
		{56412CDD-B130-4BAF-834F-A8B197B23983}.Release|Any CPU.Build.0 = Release|Any CPU
	EndGlobalSection
	GlobalSection(SolutionProperties) = preSolution
		HideSolutionNode = FALSE
	EndGlobalSection
	GlobalSection(ExtensibilityGlobals) = postSolution
		SolutionGuid = {189B882D-F456-4A2F-9E2B-3E0B28637473}
	EndGlobalSection
EndGlobal
